
Microsoft Visual Studio Solution File, Format Version 12.00
# Visual Studio Version 17
VisualStudioVersion = 17.13.35913.81 d17.13
MinimumVisualStudioVersion = 10.0.40219.1
Project("{FAE04EC0-301F-11D3-BF4B-00C04F79EFBC}") = "MinimalWebAPI", "MinimalWebAPI\MinimalWebAPI.csproj", "{FC335382-15BE-4756-AC81-2DD518E90DDF}"
EndProject
Global
	GlobalSection(SolutionConfigurationPlatforms) = preSolution
		Debug|Any CPU = Debug|Any CPU
		Release|Any CPU = Release|Any CPU
	EndGlobalSection
	GlobalSection(ProjectConfigurationPlatforms) = postSolution
		{FC335382-15BE-4756-AC81-2DD518E90DDF}.Debug|Any CPU.ActiveCfg = Debug|Any CPU
		{FC335382-15BE-4756-AC81-2DD518E90DDF}.Debug|Any CPU.Build.0 = Debug|Any CPU
		{FC335382-15BE-4756-AC81-2DD518E90DDF}.Release|Any CPU.ActiveCfg = Release|Any CPU
		{FC335382-15BE-4756-AC81-2DD518E90DDF}.Release|Any CPU.Build.0 = Release|Any CPU
	EndGlobalSection
	GlobalSection(SolutionProperties) = preSolution
		HideSolutionNode = FALSE
	EndGlobalSection
	GlobalSection(ExtensibilityGlobals) = postSolution
		SolutionGuid = {7D26FE6B-1A3B-4727-B081-F4AEF71573B4}
	EndGlobalSection
EndGlobal
